
Microsoft Visual Studio Solution File, Format Version 12.00
# Visual Studio Version 17
VisualStudioVersion = 17.14.36301.6
MinimumVisualStudioVersion = 10.0.40219.1
Project("{FAE04EC0-301F-11D3-BF4B-00C04F79EFBC}") = "SimpleSeleniumSupport", "SimpleSeleniumSupport.csproj", "{995802A9-C598-4144-830B-18A7E91246DA}"
EndProject
Global
	GlobalSection(SolutionConfigurationPlatforms) = preSolution
		Debug|Any CPU = Debug|Any CPU
		Release|Any CPU = Release|Any CPU
	EndGlobalSection
	GlobalSection(ProjectConfigurationPlatforms) = postSolution
		{995802A9-C598-4144-830B-18A7E91246DA}.Debug|Any CPU.ActiveCfg = Debug|Any CPU
		{995802A9-C598-4144-830B-18A7E91246DA}.Debug|Any CPU.Build.0 = Debug|Any CPU
		{995802A9-C598-4144-830B-18A7E91246DA}.Release|Any CPU.ActiveCfg = Release|Any CPU
		{995802A9-C598-4144-830B-18A7E91246DA}.Release|Any CPU.Build.0 = Release|Any CPU
	EndGlobalSection
	GlobalSection(SolutionProperties) = preSolution
		HideSolutionNode = FALSE
	EndGlobalSection
	GlobalSection(ExtensibilityGlobals) = postSolution
		SolutionGuid = {39024E90-3CB0-47E6-81BF-49F6C8B23FA3}
	EndGlobalSection
EndGlobal
